
Microsoft Visual Studio Solution File, Format Version 12.00
# Visual Studio 2012
Project("{FAE04EC0-301F-11D3-BF4B-00C04F79EFBC}") = "DataStructureTests", "DataStructureTests\DataStructureTests.csproj", "{93FC502F-A0F7-4472-8A90-BC512B10D1DE}"
EndProject
Project("{FAE04EC0-301F-11D3-BF4B-00C04F79EFBC}") = "DataStructures", "DataStructures\DataStructures.csproj", "{4DCD5253-1462-4B4A-A64D-F5FF6B5DDFDB}"
EndProject
Global
	GlobalSection(SolutionConfigurationPlatforms) = preSolution
		Debug|Any CPU = Debug|Any CPU
		Release|Any CPU = Release|Any CPU
	EndGlobalSection
	GlobalSection(ProjectConfigurationPlatforms) = postSolution
		{93FC502F-A0F7-4472-8A90-BC512B10D1DE}.Debug|Any CPU.ActiveCfg = Debug|Any CPU
		{93FC502F-A0F7-4472-8A90-BC512B10D1DE}.Debug|Any CPU.Build.0 = Debug|Any CPU
		{93FC502F-A0F7-4472-8A90-BC512B10D1DE}.Release|Any CPU.ActiveCfg = Release|Any CPU
		{93FC502F-A0F7-4472-8A90-BC512B10D1DE}.Release|Any CPU.Build.0 = Release|Any CPU
		{4DCD5253-1462-4B4A-A64D-F5FF6B5DDFDB}.Debug|Any CPU.ActiveCfg = Debug|Any CPU
		{4DCD5253-1462-4B4A-A64D-F5FF6B5DDFDB}.Debug|Any CPU.Build.0 = Debug|Any CPU
		{4DCD5253-1462-4B4A-A64D-F5FF6B5DDFDB}.Release|Any CPU.ActiveCfg = Release|Any CPU
		{4DCD5253-1462-4B4A-A64D-F5FF6B5DDFDB}.Release|Any CPU.Build.0 = Release|Any CPU
	EndGlobalSection
EndGlobal
